
Microsoft Visual Studio Solution File, Format Version 12.00
# Visual Studio Version 17
VisualStudioVersion = 17.0.31903.59
MinimumVisualStudioVersion = 10.0.40219.1
Project("{FAE04EC0-301F-11D3-BF4B-00C04F79EFBC}") = "CRUD", "CRUD\CRUD.csproj", "{EA69FD40-E739-4FEC-B1C1-A645EE071CAA}"
EndProject
Project("{FAE04EC0-301F-11D3-BF4B-00C04F79EFBC}") = "OOP", "OOP\OOP.csproj", "{DF7AB303-AB37-4694-9ABF-D2D6FF7CF054}"
EndProject
Project("{FAE04EC0-301F-11D3-BF4B-00C04F79EFBC}") = "OOP Opg. 1", "OOP Opg. 1\OOP Opg. 1.csproj", "{F6C1CECA-35C0-43E3-B1A5-1BD724C7A3BF}"
EndProject
Project("{FAE04EC0-301F-11D3-BF4B-00C04F79EFBC}") = "Static Training", "Static Training\Static Training.csproj", "{3AB442DE-AFD0-4116-9930-339716E034FE}"
EndProject
Global
	GlobalSection(SolutionConfigurationPlatforms) = preSolution
		Debug|Any CPU = Debug|Any CPU
		Release|Any CPU = Release|Any CPU
	EndGlobalSection
	GlobalSection(SolutionProperties) = preSolution
		HideSolutionNode = FALSE
	EndGlobalSection
	GlobalSection(ProjectConfigurationPlatforms) = postSolution
		{EA69FD40-E739-4FEC-B1C1-A645EE071CAA}.Debug|Any CPU.ActiveCfg = Debug|Any CPU
		{EA69FD40-E739-4FEC-B1C1-A645EE071CAA}.Debug|Any CPU.Build.0 = Debug|Any CPU
		{EA69FD40-E739-4FEC-B1C1-A645EE071CAA}.Release|Any CPU.ActiveCfg = Release|Any CPU
		{EA69FD40-E739-4FEC-B1C1-A645EE071CAA}.Release|Any CPU.Build.0 = Release|Any CPU
		{DF7AB303-AB37-4694-9ABF-D2D6FF7CF054}.Debug|Any CPU.ActiveCfg = Debug|Any CPU
		{DF7AB303-AB37-4694-9ABF-D2D6FF7CF054}.Debug|Any CPU.Build.0 = Debug|Any CPU
		{DF7AB303-AB37-4694-9ABF-D2D6FF7CF054}.Release|Any CPU.ActiveCfg = Release|Any CPU
		{DF7AB303-AB37-4694-9ABF-D2D6FF7CF054}.Release|Any CPU.Build.0 = Release|Any CPU
		{F6C1CECA-35C0-43E3-B1A5-1BD724C7A3BF}.Debug|Any CPU.ActiveCfg = Debug|Any CPU
		{F6C1CECA-35C0-43E3-B1A5-1BD724C7A3BF}.Debug|Any CPU.Build.0 = Debug|Any CPU
		{F6C1CECA-35C0-43E3-B1A5-1BD724C7A3BF}.Release|Any CPU.ActiveCfg = Release|Any CPU
		{F6C1CECA-35C0-43E3-B1A5-1BD724C7A3BF}.Release|Any CPU.Build.0 = Release|Any CPU
		{3AB442DE-AFD0-4116-9930-339716E034FE}.Debug|Any CPU.ActiveCfg = Debug|Any CPU
		{3AB442DE-AFD0-4116-9930-339716E034FE}.Debug|Any CPU.Build.0 = Debug|Any CPU
		{3AB442DE-AFD0-4116-9930-339716E034FE}.Release|Any CPU.ActiveCfg = Release|Any CPU
		{3AB442DE-AFD0-4116-9930-339716E034FE}.Release|Any CPU.Build.0 = Release|Any CPU
	EndGlobalSection
EndGlobal
